{
  "name": "myapp",
  "version": "1.0.0",
  "lockfileVersion": 3,
  "requires": true,
  "packages": {
    "": {
      "name": "myapp",
      "version": "1.0.0",
      "license": "ISC",
      "dependencies": {
        "@rodrigorolim/fluentsql": "^2.0.3"
      }
    },
    "node_modules/@rodrigorolim/fluentsql": {
      "version": "2.0.3",
      "resolved": "http://localhost:4873/@rodrigorolim/fluentsql/-/fluentsql-2.0.3.tgz",
      "integrity": "sha512-7b9U6im2ZLWHzu8hSvC55aD9DRMkTF/V78LVDceyGdZQoAl4n4XgkS0RrpK8J0qTdFbrJNnYoWsSrYfz37JnUg=="
    }
  }
}
