{
  "name": "app",
  "version": "1.0.0",
  "lockfileVersion": 2,
  "requires": true,
  "packages": {
    "": {
      "name": "app",
      "version": "1.0.0",
      "license": "ISC",
      "dependencies": {
        "@rodrigorolim/date-util": "^1.0.0"
      }
    },
    "node_modules/@rodrigorolim/date-util": {
      "version": "1.0.1",
      "resolved": "http://localhost:4873/@rodrigorolim/date-util/-/date-util-1.0.1.tgz",
      "integrity": "sha512-t1wnkPC0VCCQ7Plc5ekg+XWFdxIDu6z98EVCRfcWEk2NnvQf45iQXZZ995hHjYlW3B42BysBgzRj8iDmljDnvQ==",
      "dependencies": {
        "@rodrigorolim/string-utils": "^1.0.0"
      }
    },
    "node_modules/@rodrigorolim/string-utils": {
      "version": "1.0.1",
      "resolved": "http://localhost:4873/@rodrigorolim/string-utils/-/string-utils-1.0.1.tgz",
      "integrity": "sha512-AdfLwG9Mw8RTnv1S0V+k2A2HxN9eGncYulYb4F/tldbAbFCFkur0DX4ryFbn77nJS3GVQqHAy2QA9c8coxif6A=="
    }
  },
  "dependencies": {
    "@rodrigorolim/date-util": {
      "version": "1.0.1",
      "resolved": "http://localhost:4873/@rodrigorolim/date-util/-/date-util-1.0.1.tgz",
      "integrity": "sha512-t1wnkPC0VCCQ7Plc5ekg+XWFdxIDu6z98EVCRfcWEk2NnvQf45iQXZZ995hHjYlW3B42BysBgzRj8iDmljDnvQ==",
      "requires": {
        "@rodrigorolim/string-utils": "^1.0.0"
      }
    },
    "@rodrigorolim/string-utils": {
      "version": "1.0.1",
      "resolved": "http://localhost:4873/@rodrigorolim/string-utils/-/string-utils-1.0.1.tgz",
      "integrity": "sha512-AdfLwG9Mw8RTnv1S0V+k2A2HxN9eGncYulYb4F/tldbAbFCFkur0DX4ryFbn77nJS3GVQqHAy2QA9c8coxif6A=="
    }
  }
}
