{
  "name": "myapp",
  "version": "1.0.0",
  "lockfileVersion": 2,
  "requires": true,
  "packages": {
    "": {
      "name": "myapp",
      "version": "1.0.0",
      "license": "ISC",
      "dependencies": {
        "@rodrigorolim/fluentsql": "^2.0.1"
      }
    },
    "node_modules/@rodrigorolim/fluentsql": {
      "version": "2.0.1",
      "resolved": "https://registry.npmjs.org/@rodrigorolim/fluentsql/-/fluentsql-2.0.1.tgz",
      "integrity": "sha512-+7dNbqJ2NVb/NgfqZk/1akuE2kkDBVGlyzS8qiEH4nvnTeqdqc5VID236j7xv2vQ05yLN1TZ0j7izFh8eSjZjg=="
    }
  },
  "dependencies": {
    "@rodrigorolim/fluentsql": {
      "version": "2.0.1",
      "resolved": "https://registry.npmjs.org/@rodrigorolim/fluentsql/-/fluentsql-2.0.1.tgz",
      "integrity": "sha512-+7dNbqJ2NVb/NgfqZk/1akuE2kkDBVGlyzS8qiEH4nvnTeqdqc5VID236j7xv2vQ05yLN1TZ0j7izFh8eSjZjg=="
    }
  }
}
